// !$*UTF8*$!
{
	archiveVersion = 1;
	classes = {
	};
	objectVersion = 55;
	objects = {

/* Begin PBXBuildFile section */
		EF805D5127E1B0240062ED86 /* AppDelegate.swift in Sources */ = {isa = PBXBuildFile; fileRef = EF805D5027E1B0240062ED86 /* AppDelegate.swift */; };
		EF805D5327E1B0240062ED86 /* SceneDelegate.swift in Sources */ = {isa = PBXBuildFile; fileRef = EF805D5227E1B0240062ED86 /* SceneDelegate.swift */; };
		EF805D5527E1B0240062ED86 /* ViewController.swift in Sources */ = {isa = PBXBuildFile; fileRef = EF805D5427E1B0240062ED86 /* ViewController.swift */; };
		EF805D5827E1B0240062ED86 /* Main.storyboard in Resources */ = {isa = PBXBuildFile; fileRef = EF805D5627E1B0240062ED86 /* Main.storyboard */; };
		EF805D5A27E1B0250062ED86 /* Assets.xcassets in Resources */ = {isa = PBXBuildFile; fileRef = EF805D5927E1B0250062ED86 /* Assets.xcassets */; };
		EF805D5D27E1B0250062ED86 /* LaunchScreen.storyboard in Resources */ = {isa = PBXBuildFile; fileRef = EF805D5B27E1B0250062ED86 /* LaunchScreen.storyboard */; };
		EF805D6827E1B0250062ED86 /* WorkingWithTextFieldTests.swift in Sources */ = {isa = PBXBuildFile; fileRef = EF805D6727E1B0250062ED86 /* WorkingWithTextFieldTests.swift */; };
		EF805D7227E1B0250062ED86 /* WorkingWithTextFieldUITests.swift in Sources */ = {isa = PBXBuildFile; fileRef = EF805D7127E1B0250062ED86 /* WorkingWithTextFieldUITests.swift */; };
		EF805D7427E1B0250062ED86 /* WorkingWithTextFieldUITestsLaunchTests.swift in Sources */ = {isa = PBXBuildFile; fileRef = EF805D7327E1B0250062ED86 /* WorkingWithTextFieldUITestsLaunchTests.swift */; };
/* End PBXBuildFile section */

/* Begin PBXContainerItemProxy section */
		EF805D6427E1B0250062ED86 /* PBXContainerItemProxy */ = {
			isa = PBXContainerItemProxy;
			containerPortal = EF805D4527E1B0240062ED86 /* Project object */;
			proxyType = 1;
			remoteGlobalIDString = EF805D4C27E1B0240062ED86;
			remoteInfo = WorkingWithTextField;
		};
		EF805D6E27E1B0250062ED86 /* PBXContainerItemProxy */ = {
			isa = PBXContainerItemProxy;
			containerPortal = EF805D4527E1B0240062ED86 /* Project object */;
			proxyType = 1;
			remoteGlobalIDString = EF805D4C27E1B0240062ED86;
			remoteInfo = WorkingWithTextField;
		};
/* End PBXContainerItemProxy section */

/* Begin PBXFileReference section */
		EF805D4D27E1B0240062ED86 /* WorkingWithTextField.app */ = {isa = PBXFileReference; explicitFileType = wrapper.application; includeInIndex = 0; path = WorkingWithTextField.app; sourceTree = BUILT_PRODUCTS_DIR; };
		EF805D5027E1B0240062ED86 /* AppDelegate.swift */ = {isa = PBXFileReference; lastKnownFileType = sourcecode.swift; path = AppDelegate.swift; sourceTree = "<group>"; };
		EF805D5227E1B0240062ED86 /* SceneDelegate.swift */ = {isa = PBXFileReference; lastKnownFileType = sourcecode.swift; path = SceneDelegate.swift; sourceTree = "<group>"; };
		EF805D5427E1B0240062ED86 /* ViewController.swift */ = {isa = PBXFileReference; lastKnownFileType = sourcecode.swift; path = ViewController.swift; sourceTree = "<group>"; };
		EF805D5727E1B0240062ED86 /* Base */ = {isa = PBXFileReference; lastKnownFileType = file.storyboard; name = Base; path = Base.lproj/Main.storyboard; sourceTree = "<group>"; };
		EF805D5927E1B0250062ED86 /* Assets.xcassets */ = {isa = PBXFileReference; lastKnownFileType = folder.assetcatalog; path = Assets.xcassets; sourceTree = "<group>"; };
		EF805D5C27E1B0250062ED86 /* Base */ = {isa = PBXFileReference; lastKnownFileType = file.storyboard; name = Base; path = Base.lproj/LaunchScreen.storyboard; sourceTree = "<group>"; };
		EF805D5E27E1B0250062ED86 /* Info.plist */ = {isa = PBXFileReference; lastKnownFileType = text.plist.xml; path = Info.plist; sourceTree = "<group>"; };
		EF805D6327E1B0250062ED86 /* WorkingWithTextFieldTests.xctest */ = {isa = PBXFileReference; explicitFileType = wrapper.cfbundle; includeInIndex = 0; path = WorkingWithTextFieldTests.xctest; sourceTree = BUILT_PRODUCTS_DIR; };
		EF805D6727E1B0250062ED86 /* WorkingWithTextFieldTests.swift */ = {isa = PBXFileReference; lastKnownFileType = sourcecode.swift; path = WorkingWithTextFieldTests.swift; sourceTree = "<group>"; };
		EF805D6D27E1B0250062ED86 /* WorkingWithTextFieldUITests.xctest */ = {isa = PBXFileReference; explicitFileType = wrapper.cfbundle; includeInIndex = 0; path = WorkingWithTextFieldUITests.xctest; sourceTree = BUILT_PRODUCTS_DIR; };
		EF805D7127E1B0250062ED86 /* WorkingWithTextFieldUITests.swift */ = {isa = PBXFileReference; lastKnownFileType = sourcecode.swift; path = WorkingWithTextFieldUITests.swift; sourceTree = "<group>"; };
		EF805D7327E1B0250062ED86 /* WorkingWithTextFieldUITestsLaunchTests.swift */ = {isa = PBXFileReference; lastKnownFileType = sourcecode.swift; path = WorkingWithTextFieldUITestsLaunchTests.swift; sourceTree = "<group>"; };
/* End PBXFileReference section */

/* Begin PBXFrameworksBuildPhase section */
		EF805D4A27E1B0240062ED86 /* Frameworks */ = {
			isa = PBXFrameworksBuildPhase;
			buildActionMask = 2147483647;
			files = (
			);
			runOnlyForDeploymentPostprocessing = 0;
		};
		EF805D6027E1B0250062ED86 /* Frameworks */ = {
			isa = PBXFrameworksBuildPhase;
			buildActionMask = 2147483647;
			files = (
			);
			runOnlyForDeploymentPostprocessing = 0;
		};
		EF805D6A27E1B0250062ED86 /* Frameworks */ = {
			isa = PBXFrameworksBuildPhase;
			buildActionMask = 2147483647;
			files = (
			);
			runOnlyForDeploymentPostprocessing = 0;
		};
/* End PBXFrameworksBuildPhase section */

/* Begin PBXGroup section */
		EF805D4427E1B0240062ED86 = {
			isa = PBXGroup;
			children = (
				EF805D4F27E1B0240062ED86 /* WorkingWithTextField */,
				EF805D6627E1B0250062ED86 /* WorkingWithTextFieldTests */,
				EF805D7027E1B0250062ED86 /* WorkingWithTextFieldUITests */,
				EF805D4E27E1B0240062ED86 /* Products */,
			);
			sourceTree = "<group>";
		};
		EF805D4E27E1B0240062ED86 /* Products */ = {
			isa = PBXGroup;
			children = (
				EF805D4D27E1B0240062ED86 /* WorkingWithTextField.app */,
				EF805D6327E1B0250062ED86 /* WorkingWithTextFieldTests.xctest */,
				EF805D6D27E1B0250062ED86 /* WorkingWithTextFieldUITests.xctest */,
			);
			name = Products;
			sourceTree = "<group>";
		};
		EF805D4F27E1B0240062ED86 /* WorkingWithTextField */ = {
			isa = PBXGroup;
			children = (
				EF805D5027E1B0240062ED86 /* AppDelegate.swift */,
				EF805D5227E1B0240062ED86 /* SceneDelegate.swift */,
				EF805D5427E1B0240062ED86 /* ViewController.swift */,
				EF805D5627E1B0240062ED86 /* Main.storyboard */,
				EF805D5927E1B0250062ED86 /* Assets.xcassets */,
				EF805D5B27E1B0250062ED86 /* LaunchScreen.storyboard */,
				EF805D5E27E1B0250062ED86 /* Info.plist */,
			);
			path = WorkingWithTextField;
			sourceTree = "<group>";
		};
		EF805D6627E1B0250062ED86 /* WorkingWithTextFieldTests */ = {
			isa = PBXGroup;
			children = (
				EF805D6727E1B0250062ED86 /* WorkingWithTextFieldTests.swift */,
			);
			path = WorkingWithTextFieldTests;
			sourceTree = "<group>";
		};
		EF805D7027E1B0250062ED86 /* WorkingWithTextFieldUITests */ = {
			isa = PBXGroup;
			children = (
				EF805D7127E1B0250062ED86 /* WorkingWithTextFieldUITests.swift */,
				EF805D7327E1B0250062ED86 /* WorkingWithTextFieldUITestsLaunchTests.swift */,
			);
			path = WorkingWithTextFieldUITests;
			sourceTree = "<group>";
		};
/* End PBXGroup section */

/* Begin PBXNativeTarget section */
		EF805D4C27E1B0240062ED86 /* WorkingWithTextField */ = {
			isa = PBXNativeTarget;
			buildConfigurationList = EF805D7727E1B0250062ED86 /* Build configuration list for PBXNativeTarget "WorkingWithTextField" */;
			buildPhases = (
				EF805D4927E1B0240062ED86 /* Sources */,
				EF805D4A27E1B0240062ED86 /* Frameworks */,
				EF805D4B27E1B0240062ED86 /* Resources */,
			);
			buildRules = (
			);
			dependencies = (
			);
			name = WorkingWithTextField;
			productName = WorkingWithTextField;
			productReference = EF805D4D27E1B0240062ED86 /* WorkingWithTextField.app */;
			productType = "com.apple.product-type.application";
		};
		EF805D6227E1B0250062ED86 /* WorkingWithTextFieldTests */ = {
			isa = PBXNativeTarget;
			buildConfigurationList = EF805D7A27E1B0250062ED86 /* Build configuration list for PBXNativeTarget "WorkingWithTextFieldTests" */;
			buildPhases = (
				EF805D5F27E1B0250062ED86 /* Sources */,
				EF805D6027E1B0250062ED86 /* Frameworks */,
				EF805D6127E1B0250062ED86 /* Resources */,
			);
			buildRules = (
			);
			dependencies = (
				EF805D6527E1B0250062ED86 /* PBXTargetDependency */,
			);
			name = WorkingWithTextFieldTests;
			productName = WorkingWithTextFieldTests;
			productReference = EF805D6327E1B0250062ED86 /* WorkingWithTextFieldTests.xctest */;
			productType = "com.apple.product-type.bundle.unit-test";
		};
		EF805D6C27E1B0250062ED86 /* WorkingWithTextFieldUITests */ = {
			isa = PBXNativeTarget;
			buildConfigurationList = EF805D7D27E1B0250062ED86 /* Build configuration list for PBXNativeTarget "WorkingWithTextFieldUITests" */;
			buildPhases = (
				EF805D6927E1B0250062ED86 /* Sources */,
				EF805D6A27E1B0250062ED86 /* Frameworks */,
				EF805D6B27E1B0250062ED86 /* Resources */,
			);
			buildRules = (
			);
			dependencies = (
				EF805D6F27E1B0250062ED86 /* PBXTargetDependency */,
			);
			name = WorkingWithTextFieldUITests;
			productName = WorkingWithTextFieldUITests;
			productReference = EF805D6D27E1B0250062ED86 /* WorkingWithTextFieldUITests.xctest */;
			productType = "com.apple.product-type.bundle.ui-testing";
		};
/* End PBXNativeTarget section */

/* Begin PBXProject section */
		EF805D4527E1B0240062ED86 /* Project object */ = {
			isa = PBXProject;
			attributes = {
				BuildIndependentTargetsInParallel = 1;
				LastSwiftUpdateCheck = 1320;
				LastUpgradeCheck = 1320;
				TargetAttributes = {
					EF805D4C27E1B0240062ED86 = {
						CreatedOnToolsVersion = 13.2.1;
					};
					EF805D6227E1B0250062ED86 = {
						CreatedOnToolsVersion = 13.2.1;
						TestTargetID = EF805D4C27E1B0240062ED86;
					};
					EF805D6C27E1B0250062ED86 = {
						CreatedOnToolsVersion = 13.2.1;
						TestTargetID = EF805D4C27E1B0240062ED86;
					};
				};
			};
			buildConfigurationList = EF805D4827E1B0240062ED86 /* Build configuration list for PBXProject "WorkingWithTextField" */;
			compatibilityVersion = "Xcode 13.0";
			developmentRegion = en;
			hasScannedForEncodings = 0;
			knownRegions = (
				en,
				Base,
			);
			mainGroup = EF805D4427E1B0240062ED86;
			productRefGroup = EF805D4E27E1B0240062ED86 /* Products */;
			projectDirPath = "";
			projectRoot = "";
			targets = (
				EF805D4C27E1B0240062ED86 /* WorkingWithTextField */,
				EF805D6227E1B0250062ED86 /* WorkingWithTextFieldTests */,
				EF805D6C27E1B0250062ED86 /* WorkingWithTextFieldUITests */,
			);
		};
/* End PBXProject section */

/* Begin PBXResourcesBuildPhase section */
		EF805D4B27E1B0240062ED86 /* Resources */ = {
			isa = PBXResourcesBuildPhase;
			buildActionMask = 2147483647;
			files = (
				EF805D5D27E1B0250062ED86 /* LaunchScreen.storyboard in Resources */,
				EF805D5A27E1B0250062ED86 /* Assets.xcassets in Resources */,
				EF805D5827E1B0240062ED86 /* Main.storyboard in Resources */,
			);
			runOnlyForDeploymentPostprocessing = 0;
		};
		EF805D6127E1B0250062ED86 /* Resources */ = {
			isa = PBXResourcesBuildPhase;
			buildActionMask = 2147483647;
			files = (
			);
			runOnlyForDeploymentPostprocessing = 0;
		};
		EF805D6B27E1B0250062ED86 /* Resources */ = {
			isa = PBXResourcesBuildPhase;
			buildActionMask = 2147483647;
			files = (
			);
			runOnlyForDeploymentPostprocessing = 0;
		};
/* End PBXResourcesBuildPhase section */

/* Begin PBXSourcesBuildPhase section */
		EF805D4927E1B0240062ED86 /* Sources */ = {
			isa = PBXSourcesBuildPhase;
			buildActionMask = 2147483647;
			files = (
				EF805D5527E1B0240062ED86 /* ViewController.swift in Sources */,
				EF805D5127E1B0240062ED86 /* AppDelegate.swift in Sources */,
				EF805D5327E1B0240062ED86 /* SceneDelegate.swift in Sources */,
			);
			runOnlyForDeploymentPostprocessing = 0;
		};
		EF805D5F27E1B0250062ED86 /* Sources */ = {
			isa = PBXSourcesBuildPhase;
			buildActionMask = 2147483647;
			files = (
				EF805D6827E1B0250062ED86 /* WorkingWithTextFieldTests.swift in Sources */,
			);
			runOnlyForDeploymentPostprocessing = 0;
		};
		EF805D6927E1B0250062ED86 /* Sources */ = {
			isa = PBXSourcesBuildPhase;
			buildActionMask = 2147483647;
			files = (
				EF805D7427E1B0250062ED86 /* WorkingWithTextFieldUITestsLaunchTests.swift in Sources */,
				EF805D7227E1B0250062ED86 /* WorkingWithTextFieldUITests.swift in Sources */,
			);
			runOnlyForDeploymentPostprocessing = 0;
		};
/* End PBXSourcesBuildPhase section */

/* Begin PBXTargetDependency section */
		EF805D6527E1B0250062ED86 /* PBXTargetDependency */ = {
			isa = PBXTargetDependency;
			target = EF805D4C27E1B0240062ED86 /* WorkingWithTextField */;
			targetProxy = EF805D6427E1B0250062ED86 /* PBXContainerItemProxy */;
		};
		EF805D6F27E1B0250062ED86 /* PBXTargetDependency */ = {
			isa = PBXTargetDependency;
			target = EF805D4C27E1B0240062ED86 /* WorkingWithTextField */;
			targetProxy = EF805D6E27E1B0250062ED86 /* PBXContainerItemProxy */;
		};
/* End PBXTargetDependency section */

/* Begin PBXVariantGroup section */
		EF805D5627E1B0240062ED86 /* Main.storyboard */ = {
			isa = PBXVariantGroup;
			children = (
				EF805D5727E1B0240062ED86 /* Base */,
			);
			name = Main.storyboard;
			sourceTree = "<group>";
		};
		EF805D5B27E1B0250062ED86 /* LaunchScreen.storyboard */ = {
			isa = PBXVariantGroup;
			children = (
				EF805D5C27E1B0250062ED86 /* Base */,
			);
			name = LaunchScreen.storyboard;
			sourceTree = "<group>";
		};
/* End PBXVariantGroup section */

/* Begin XCBuildConfiguration section */
		EF805D7527E1B0250062ED86 /* Debug */ = {
			isa = XCBuildConfiguration;
			buildSettings = {
				ALWAYS_SEARCH_USER_PATHS = NO;
				CLANG_ANALYZER_NONNULL = YES;
				CLANG_ANALYZER_NUMBER_OBJECT_CONVERSION = YES_AGGRESSIVE;
				CLANG_CXX_LANGUAGE_STANDARD = "gnu++17";
				CLANG_CXX_LIBRARY = "libc++";
				CLANG_ENABLE_MODULES = YES;
				CLANG_ENABLE_OBJC_ARC = YES;
				CLANG_ENABLE_OBJC_WEAK = YES;
				CLANG_WARN_BLOCK_CAPTURE_AUTORELEASING = YES;
				CLANG_WARN_BOOL_CONVERSION = YES;
				CLANG_WARN_COMMA = YES;
				CLANG_WARN_CONSTANT_CONVERSION = YES;
				CLANG_WARN_DEPRECATED_OBJC_IMPLEMENTATIONS = YES;
				CLANG_WARN_DIRECT_OBJC_ISA_USAGE = YES_ERROR;
				CLANG_WARN_DOCUMENTATION_COMMENTS = YES;
				CLANG_WARN_EMPTY_BODY = YES;
				CLANG_WARN_ENUM_CONVERSION = YES;
				CLANG_WARN_INFINITE_RECURSION = YES;
				CLANG_WARN_INT_CONVERSION = YES;
				CLANG_WARN_NON_LITERAL_NULL_CONVERSION = YES;
				CLANG_WARN_OBJC_IMPLICIT_RETAIN_SELF = YES;
				CLANG_WARN_OBJC_LITERAL_CONVERSION = YES;
				CLANG_WARN_OBJC_ROOT_CLASS = YES_ERROR;
				CLANG_WARN_QUOTED_INCLUDE_IN_FRAMEWORK_HEADER = YES;
				CLANG_WARN_RANGE_LOOP_ANALYSIS = YES;
				CLANG_WARN_STRICT_PROTOTYPES = YES;
				CLANG_WARN_SUSPICIOUS_MOVE = YES;
				CLANG_WARN_UNGUARDED_AVAILABILITY = YES_AGGRESSIVE;
				CLANG_WARN_UNREACHABLE_CODE = YES;
				CLANG_WARN__DUPLICATE_METHOD_MATCH = YES;
				COPY_PHASE_STRIP = NO;
				DEBUG_INFORMATION_FORMAT = dwarf;
				ENABLE_STRICT_OBJC_MSGSEND = YES;
				ENABLE_TESTABILITY = YES;
				GCC_C_LANGUAGE_STANDARD = gnu11;
				GCC_DYNAMIC_NO_PIC = NO;
				GCC_NO_COMMON_BLOCKS = YES;
				GCC_OPTIMIZATION_LEVEL = 0;
				GCC_PREPROCESSOR_DEFINITIONS = (
					"DEBUG=1",
					"$(inherited)",
				);
				GCC_WARN_64_TO_32_BIT_CONVERSION = YES;
				GCC_WARN_ABOUT_RETURN_TYPE = YES_ERROR;
				GCC_WARN_UNDECLARED_SELECTOR = YES;
				GCC_WARN_UNINITIALIZED_AUTOS = YES_AGGRESSIVE;
				GCC_WARN_UNUSED_FUNCTION = YES;
				GCC_WARN_UNUSED_VARIABLE = YES;
				IPHONEOS_DEPLOYMENT_TARGET = 15.2;
				MTL_ENABLE_DEBUG_INFO = INCLUDE_SOURCE;
				MTL_FAST_MATH = YES;
				ONLY_ACTIVE_ARCH = YES;
				SDKROOT = iphoneos;
				SWIFT_ACTIVE_COMPILATION_CONDITIONS = DEBUG;
				SWIFT_OPTIMIZATION_LEVEL = "-Onone";
			};
			name = Debug;
		};
		EF805D7627E1B0250062ED86 /* Release */ = {
			isa = XCBuildConfiguration;
			buildSettings = {
				ALWAYS_SEARCH_USER_PATHS = NO;
				CLANG_ANALYZER_NONNULL = YES;
				CLANG_ANALYZER_NUMBER_OBJECT_CONVERSION = YES_AGGRESSIVE;
				CLANG_CXX_LANGUAGE_STANDARD = "gnu++17";
				CLANG_CXX_LIBRARY = "libc++";
				CLANG_ENABLE_MODULES = YES;
				CLANG_ENABLE_OBJC_ARC = YES;
				CLANG_ENABLE_OBJC_WEAK = YES;
				CLANG_WARN_BLOCK_CAPTURE_AUTORELEASING = YES;
				CLANG_WARN_BOOL_CONVERSION = YES;
				CLANG_WARN_COMMA = YES;
				CLANG_WARN_CONSTANT_CONVERSION = YES;
				CLANG_WARN_DEPRECATED_OBJC_IMPLEMENTATIONS = YES;
				CLANG_WARN_DIRECT_OBJC_ISA_USAGE = YES_ERROR;
				CLANG_WARN_DOCUMENTATION_COMMENTS = YES;
				CLANG_WARN_EMPTY_BODY = YES;
				CLANG_WARN_ENUM_CONVERSION = YES;
				CLANG_WARN_INFINITE_RECURSION = YES;
				CLANG_WARN_INT_CONVERSION = YES;
				CLANG_WARN_NON_LITERAL_NULL_CONVERSION = YES;
				CLANG_WARN_OBJC_IMPLICIT_RETAIN_SELF = YES;
				CLANG_WARN_OBJC_LITERAL_CONVERSION = YES;
				CLANG_WARN_OBJC_ROOT_CLASS = YES_ERROR;
				CLANG_WARN_QUOTED_INCLUDE_IN_FRAMEWORK_HEADER = YES;
				CLANG_WARN_RANGE_LOOP_ANALYSIS = YES;
				CLANG_WARN_STRICT_PROTOTYPES = YES;
				CLANG_WARN_SUSPICIOUS_MOVE = YES;
				CLANG_WARN_UNGUARDED_AVAILABILITY = YES_AGGRESSIVE;
				CLANG_WARN_UNREACHABLE_CODE = YES;
				CLANG_WARN__DUPLICATE_METHOD_MATCH = YES;
				COPY_PHASE_STRIP = NO;
				DEBUG_INFORMATION_FORMAT = "dwarf-with-dsym";
				ENABLE_NS_ASSERTIONS = NO;
				ENABLE_STRICT_OBJC_MSGSEND = YES;
				GCC_C_LANGUAGE_STANDARD = gnu11;
				GCC_NO_COMMON_BLOCKS = YES;
				GCC_WARN_64_TO_32_BIT_CONVERSION = YES;
				GCC_WARN_ABOUT_RETURN_TYPE = YES_ERROR;
				GCC_WARN_UNDECLARED_SELECTOR = YES;
				GCC_WARN_UNINITIALIZED_AUTOS = YES_AGGRESSIVE;
				GCC_WARN_UNUSED_FUNCTION = YES;
				GCC_WARN_UNUSED_VARIABLE = YES;
				IPHONEOS_DEPLOYMENT_TARGET = 15.2;
				MTL_ENABLE_DEBUG_INFO = NO;
				MTL_FAST_MATH = YES;
				SDKROOT = iphoneos;
				SWIFT_COMPILATION_MODE = wholemodule;
				SWIFT_OPTIMIZATION_LEVEL = "-O";
				VALIDATE_PRODUCT = YES;
			};
			name = Release;
		};
		EF805D7827E1B0250062ED86 /* Debug */ = {
			isa = XCBuildConfiguration;
			buildSettings = {
				ASSETCATALOG_COMPILER_APPICON_NAME = AppIcon;
				ASSETCATALOG_COMPILER_GLOBAL_ACCENT_COLOR_NAME = AccentColor;
				CODE_SIGN_STYLE = Automatic;
				CURRENT_PROJECT_VERSION = 1;
				DEVELOPMENT_TEAM = 3M4ZHSH953;
				GENERATE_INFOPLIST_FILE = YES;
				INFOPLIST_FILE = WorkingWithTextField/Info.plist;
				INFOPLIST_KEY_UIApplicationSupportsIndirectInputEvents = YES;
				INFOPLIST_KEY_UILaunchStoryboardName = LaunchScreen;
				INFOPLIST_KEY_UIMainStoryboardFile = Main;
				INFOPLIST_KEY_UISupportedInterfaceOrientations_iPad = "UIInterfaceOrientationPortrait UIInterfaceOrientationPortraitUpsideDown UIInterfaceOrientationLandscapeLeft UIInterfaceOrientationLandscapeRight";
				INFOPLIST_KEY_UISupportedInterfaceOrientations_iPhone = "UIInterfaceOrientationPortrait UIInterfaceOrientationLandscapeLeft UIInterfaceOrientationLandscapeRight";
				LD_RUNPATH_SEARCH_PATHS = (
					"$(inherited)",
					"@executable_path/Frameworks",
				);
				MARKETING_VERSION = 1.0;
				PRODUCT_BUNDLE_IDENTIFIER = learning.abhishek.WorkingWithTextField;
				PRODUCT_NAME = "$(TARGET_NAME)";
				SWIFT_EMIT_LOC_STRINGS = YES;
				SWIFT_VERSION = 5.0;
				TARGETED_DEVICE_FAMILY = "1,2";
			};
			name = Debug;
		};
		EF805D7927E1B0250062ED86 /* Release */ = {
			isa = XCBuildConfiguration;
			buildSettings = {
				ASSETCATALOG_COMPILER_APPICON_NAME = AppIcon;
				ASSETCATALOG_COMPILER_GLOBAL_ACCENT_COLOR_NAME = AccentColor;
				CODE_SIGN_STYLE = Automatic;
				CURRENT_PROJECT_VERSION = 1;
				DEVELOPMENT_TEAM = 3M4ZHSH953;
				GENERATE_INFOPLIST_FILE = YES;
				INFOPLIST_FILE = WorkingWithTextField/Info.plist;
				INFOPLIST_KEY_UIApplicationSupportsIndirectInputEvents = YES;
				INFOPLIST_KEY_UILaunchStoryboardName = LaunchScreen;
				INFOPLIST_KEY_UIMainStoryboardFile = Main;
				INFOPLIST_KEY_UISupportedInterfaceOrientations_iPad = "UIInterfaceOrientationPortrait UIInterfaceOrientationPortraitUpsideDown UIInterfaceOrientationLandscapeLeft UIInterfaceOrientationLandscapeRight";
				INFOPLIST_KEY_UISupportedInterfaceOrientations_iPhone = "UIInterfaceOrientationPortrait UIInterfaceOrientationLandscapeLeft UIInterfaceOrientationLandscapeRight";
				LD_RUNPATH_SEARCH_PATHS = (
					"$(inherited)",
					"@executable_path/Frameworks",
				);
				MARKETING_VERSION = 1.0;
				PRODUCT_BUNDLE_IDENTIFIER = learning.abhishek.WorkingWithTextField;
				PRODUCT_NAME = "$(TARGET_NAME)";
				SWIFT_EMIT_LOC_STRINGS = YES;
				SWIFT_VERSION = 5.0;
				TARGETED_DEVICE_FAMILY = "1,2";
			};
			name = Release;
		};
		EF805D7B27E1B0250062ED86 /* Debug */ = {
			isa = XCBuildConfiguration;
			buildSettings = {
				ALWAYS_EMBED_SWIFT_STANDARD_LIBRARIES = YES;
				BUNDLE_LOADER = "$(TEST_HOST)";
				CODE_SIGN_STYLE = Automatic;
				CURRENT_PROJECT_VERSION = 1;
				DEVELOPMENT_TEAM = 3M4ZHSH953;
				GENERATE_INFOPLIST_FILE = YES;
				IPHONEOS_DEPLOYMENT_TARGET = 15.2;
				MARKETING_VERSION = 1.0;
				PRODUCT_BUNDLE_IDENTIFIER = learning.abhishek.WorkingWithTextFieldTests;
				PRODUCT_NAME = "$(TARGET_NAME)";
				SWIFT_EMIT_LOC_STRINGS = NO;
				SWIFT_VERSION = 5.0;
				TARGETED_DEVICE_FAMILY = "1,2";
				TEST_HOST = "$(BUILT_PRODUCTS_DIR)/WorkingWithTextField.app/WorkingWithTextField";
			};
			name = Debug;
		};
		EF805D7C27E1B0250062ED86 /* Release */ = {
			isa = XCBuildConfiguration;
			buildSettings = {
				ALWAYS_EMBED_SWIFT_STANDARD_LIBRARIES = YES;
				BUNDLE_LOADER = "$(TEST_HOST)";
				CODE_SIGN_STYLE = Automatic;
				CURRENT_PROJECT_VERSION = 1;
				DEVELOPMENT_TEAM = 3M4ZHSH953;
				GENERATE_INFOPLIST_FILE = YES;
				IPHONEOS_DEPLOYMENT_TARGET = 15.2;
				MARKETING_VERSION = 1.0;
				PRODUCT_BUNDLE_IDENTIFIER = learning.abhishek.WorkingWithTextFieldTests;
				PRODUCT_NAME = "$(TARGET_NAME)";
				SWIFT_EMIT_LOC_STRINGS = NO;
				SWIFT_VERSION = 5.0;
				TARGETED_DEVICE_FAMILY = "1,2";
				TEST_HOST = "$(BUILT_PRODUCTS_DIR)/WorkingWithTextField.app/WorkingWithTextField";
			};
			name = Release;
		};
		EF805D7E27E1B0250062ED86 /* Debug */ = {
			isa = XCBuildConfiguration;
			buildSettings = {
				ALWAYS_EMBED_SWIFT_STANDARD_LIBRARIES = YES;
				CODE_SIGN_STYLE = Automatic;
				CURRENT_PROJECT_VERSION = 1;
				DEVELOPMENT_TEAM = 3M4ZHSH953;
				GENERATE_INFOPLIST_FILE = YES;
				MARKETING_VERSION = 1.0;
				PRODUCT_BUNDLE_IDENTIFIER = learning.abhishek.WorkingWithTextFieldUITests;
				PRODUCT_NAME = "$(TARGET_NAME)";
				SWIFT_EMIT_LOC_STRINGS = NO;
				SWIFT_VERSION = 5.0;
				TARGETED_DEVICE_FAMILY = "1,2";
				TEST_TARGET_NAME = WorkingWithTextField;
			};
			name = Debug;
		};
		EF805D7F27E1B0250062ED86 /* Release */ = {
			isa = XCBuildConfiguration;
			buildSettings = {
				ALWAYS_EMBED_SWIFT_STANDARD_LIBRARIES = YES;
				CODE_SIGN_STYLE = Automatic;
				CURRENT_PROJECT_VERSION = 1;
				DEVELOPMENT_TEAM = 3M4ZHSH953;
				GENERATE_INFOPLIST_FILE = YES;
				MARKETING_VERSION = 1.0;
				PRODUCT_BUNDLE_IDENTIFIER = learning.abhishek.WorkingWithTextFieldUITests;
				PRODUCT_NAME = "$(TARGET_NAME)";
				SWIFT_EMIT_LOC_STRINGS = NO;
				SWIFT_VERSION = 5.0;
				TARGETED_DEVICE_FAMILY = "1,2";
				TEST_TARGET_NAME = WorkingWithTextField;
			};
			name = Release;
		};
/* End XCBuildConfiguration section */

/* Begin XCConfigurationList section */
		EF805D4827E1B0240062ED86 /* Build configuration list for PBXProject "WorkingWithTextField" */ = {
			isa = XCConfigurationList;
			buildConfigurations = (
				EF805D7527E1B0250062ED86 /* Debug */,
				EF805D7627E1B0250062ED86 /* Release */,
			);
			defaultConfigurationIsVisible = 0;
			defaultConfigurationName = Release;
		};
		EF805D7727E1B0250062ED86 /* Build configuration list for PBXNativeTarget "WorkingWithTextField" */ = {
			isa = XCConfigurationList;
			buildConfigurations = (
				EF805D7827E1B0250062ED86 /* Debug */,
				EF805D7927E1B0250062ED86 /* Release */,
			);
			defaultConfigurationIsVisible = 0;
			defaultConfigurationName = Release;
		};
		EF805D7A27E1B0250062ED86 /* Build configuration list for PBXNativeTarget "WorkingWithTextFieldTests" */ = {
			isa = XCConfigurationList;
			buildConfigurations = (
				EF805D7B27E1B0250062ED86 /* Debug */,
				EF805D7C27E1B0250062ED86 /* Release */,
			);
			defaultConfigurationIsVisible = 0;
			defaultConfigurationName = Release;
		};
		EF805D7D27E1B0250062ED86 /* Build configuration list for PBXNativeTarget "WorkingWithTextFieldUITests" */ = {
			isa = XCConfigurationList;
			buildConfigurations = (
				EF805D7E27E1B0250062ED86 /* Debug */,
				EF805D7F27E1B0250062ED86 /* Release */,
			);
			defaultConfigurationIsVisible = 0;
			defaultConfigurationName = Release;
		};
/* End XCConfigurationList section */
	};
	rootObject = EF805D4527E1B0240062ED86 /* Project object */;
}
